{
    "name": "ckeditor",
    "version": "0.2.15-csp",
    "lockfileVersion": 1,
    "dependencies": {
        "amdefine": {
            "version": "1.0.1",
            "resolved": "https://registry.npmjs.org/amdefine/-/amdefine-1.0.1.tgz",
            "integrity": "sha1-SlKCrBZHKek2Gbz9OtFR+BfOkfU=",
            "dev": true
        },
        "async": {
            "version": "0.2.10",
            "resolved": "https://registry.npmjs.org/async/-/async-0.2.10.tgz",
            "integrity": "sha1-trvgsGdLnXGXCMo43owjfLUmw9E=",
            "dev": true
        },
        "borschik": {
            "version": "1.3.2",
            "resolved": "https://registry.npmjs.org/borschik/-/borschik-1.3.2.tgz",
            "integrity": "sha1-lmf+HGPAiKfkvhf4303Cr8e7aFQ=",
            "dev": true,
            "dependencies": {
                "vow": {
                    "version": "0.3.13",
                    "resolved": "https://registry.npmjs.org/vow/-/vow-0.3.13.tgz",
                    "integrity": "sha1-NyDqrcrtneUO5cG8r2EDORMUB/4=",
                    "dev": true
                }
            }
        },
        "coa": {
            "version": "0.4.0",
            "resolved": "https://registry.npmjs.org/coa/-/coa-0.4.0.tgz",
            "integrity": "sha1-JSvBvpdArxXYJuSQ6LE5PC/ioGI=",
            "dev": true
        },
        "csso": {
            "version": "1.3.11",
            "resolved": "https://registry.npmjs.org/csso/-/csso-1.3.11.tgz",
            "integrity": "sha1-HymaslQ6g9TFrPya4EdjGGktbpA=",
            "dev": true
        },
        "glob": {
            "version": "3.2.8",
            "resolved": "https://registry.npmjs.org/glob/-/glob-3.2.8.tgz",
            "integrity": "sha1-VQb0MRchvMYYx9jboUQYh1AwcHM=",
            "dev": true
        },
        "inherit": {
            "version": "2.2.1",
            "resolved": "https://registry.npmjs.org/inherit/-/inherit-2.2.1.tgz",
            "integrity": "sha1-NC+/ruYSjHIMRn3ZwawoK71qJSM=",
            "dev": true
        },
        "inherits": {
            "version": "2.0.3",
            "resolved": "https://registry.npmjs.org/inherits/-/inherits-2.0.3.tgz",
            "integrity": "sha1-Yzwsg+PaQqUC9SRmAiSA9CCCYd4=",
            "dev": true
        },
        "lodash": {
            "version": "3.10.1",
            "resolved": "https://registry.npmjs.org/lodash/-/lodash-3.10.1.tgz",
            "integrity": "sha1-W/Rejkm6QYnhfUgnid/RW9FAt7Y=",
            "dev": true
        },
        "lru-cache": {
            "version": "2.7.3",
            "resolved": "https://registry.npmjs.org/lru-cache/-/lru-cache-2.7.3.tgz",
            "integrity": "sha1-bUUk6LlV+V1PW1iFHOId1y+06VI=",
            "dev": true
        },
        "minimatch": {
            "version": "0.2.14",
            "resolved": "https://registry.npmjs.org/minimatch/-/minimatch-0.2.14.tgz",
            "integrity": "sha1-x054BXT2PG+aCQ6Q775u9TpqdWo=",
            "dev": true
        },
        "node-uuid": {
            "version": "1.4.0",
            "resolved": "https://registry.npmjs.org/node-uuid/-/node-uuid-1.4.0.tgz",
            "integrity": "sha1-B/myM3Vy/2J1x3Xh1IUT86RdemU=",
            "dev": true
        },
        "optimist": {
            "version": "0.3.7",
            "resolved": "https://registry.npmjs.org/optimist/-/optimist-0.3.7.tgz",
            "integrity": "sha1-yQlBrVnkJzMokjB00s8ufLxuwNk=",
            "dev": true
        },
        "q": {
            "version": "0.9.7",
            "resolved": "https://registry.npmjs.org/q/-/q-0.9.7.tgz",
            "integrity": "sha1-TeLmyzspCIyeTLwDv51C+5bOL3U=",
            "dev": true
        },
        "sigmund": {
            "version": "1.0.1",
            "resolved": "https://registry.npmjs.org/sigmund/-/sigmund-1.0.1.tgz",
            "integrity": "sha1-P/IfGYytIXX587eBhT/ZTQ0ZtZA=",
            "dev": true
        },
        "source-map": {
            "version": "0.1.34",
            "resolved": "https://registry.npmjs.org/source-map/-/source-map-0.1.34.tgz",
            "integrity": "sha1-p8/omux7FoLDsZjQrPtH19CQVms=",
            "dev": true
        },
        "uglify-js": {
            "version": "2.4.15",
            "resolved": "https://registry.npmjs.org/uglify-js/-/uglify-js-2.4.15.tgz",
            "integrity": "sha1-ErxthDRfvDBuE/cHXWQ3qL9k1+M=",
            "dev": true
        },
        "uglify-to-browserify": {
            "version": "1.0.2",
            "resolved": "https://registry.npmjs.org/uglify-to-browserify/-/uglify-to-browserify-1.0.2.tgz",
            "integrity": "sha1-bgkk1r2mta/jSeOabWMoUKD4grc=",
            "dev": true
        },
        "vow": {
            "version": "0.4.10",
            "resolved": "https://registry.npmjs.org/vow/-/vow-0.4.10.tgz",
            "integrity": "sha1-wwFLe38xYCCssCeEN9S+OBLTkMw=",
            "dev": true
        },
        "vow-fs": {
            "version": "0.3.2",
            "resolved": "https://registry.npmjs.org/vow-fs/-/vow-fs-0.3.2.tgz",
            "integrity": "sha1-6isDTYXh24wnfrLpqG0cFfXTjno=",
            "dev": true,
            "dependencies": {
                "vow": {
                    "version": "0.4.4",
                    "resolved": "https://registry.npmjs.org/vow/-/vow-0.4.4.tgz",
                    "integrity": "sha1-yf5GCRKdf1qmIVCOvmS1HJW8e5g=",
                    "dev": true
                }
            }
        },
        "vow-queue": {
            "version": "0.3.1",
            "resolved": "https://registry.npmjs.org/vow-queue/-/vow-queue-0.3.1.tgz",
            "integrity": "sha1-WYxRoVsKgabV/AX0dhzrRi3h6Gg=",
            "dev": true
        },
        "wordwrap": {
            "version": "0.0.3",
            "resolved": "https://registry.npmjs.org/wordwrap/-/wordwrap-0.0.3.tgz",
            "integrity": "sha1-o9XabNXAvAAI03I0u68b7WMFkQc=",
            "dev": true
        }
    }
}
